// !$*UTF8*$!
{
	archiveVersion = 1;
	classes = {
	};
	objectVersion = 50;
	objects = {

/* Begin PBXBuildFile section */
		1A5D44F5873D6B4A668549FC /* Pods_Access_NewsTests.framework in Frameworks */ = {isa = PBXBuildFile; fileRef = 8DF637CD1CE903146043D448 /* Pods_Access_NewsTests.framework */; };
		40B9C62F95F0F1C9BC19F3EA /* Pods_Access_News.framework in Frameworks */ = {isa = PBXBuildFile; fileRef = FF4C11A75A913667D48DDEBF /* Pods_Access_News.framework */; };
		CF05CA6A21B9EC90000FA9FD /* GoogleService-Info.plist in Resources */ = {isa = PBXBuildFile; fileRef = CF05CA6921B9EC90000FA9FD /* GoogleService-Info.plist */; };
		CF342A9C20F9763400DD1BF7 /* SubmitTVC.swift in Sources */ = {isa = PBXBuildFile; fileRef = CF342A9B20F9763400DD1BF7 /* SubmitTVC.swift */; };
		CF3A496121419DBF007B6FC8 /* Aggregates.swift in Sources */ = {isa = PBXBuildFile; fileRef = CF3A496021419DBF007B6FC8 /* Aggregates.swift */; };
		CF3FBEEE21890D59007BA4EE /* DropDown.swift in Sources */ = {isa = PBXBuildFile; fileRef = CF3FBEED21890D59007BA4EE /* DropDown.swift */; };
		CF3FBEEF21890D59007BA4EE /* DropDown.swift in Sources */ = {isa = PBXBuildFile; fileRef = CF3FBEED21890D59007BA4EE /* DropDown.swift */; };
		CF3FBEF121890F0A007BA4EE /* EmbeddedViewController.swift in Sources */ = {isa = PBXBuildFile; fileRef = CF3FBEF021890F0A007BA4EE /* EmbeddedViewController.swift */; };
		CF3FBEF221890F0A007BA4EE /* EmbeddedViewController.swift in Sources */ = {isa = PBXBuildFile; fileRef = CF3FBEF021890F0A007BA4EE /* EmbeddedViewController.swift */; };
		CF468D1F219C937100E32E22 /* UploaderNavigationViewController.swift in Sources */ = {isa = PBXBuildFile; fileRef = CF468D1E219C937100E32E22 /* UploaderNavigationViewController.swift */; };
		CF63AB1920EBE2F10069E05B /* SessionStartViewController.swift in Sources */ = {isa = PBXBuildFile; fileRef = CF63AB1820EBE2F10069E05B /* SessionStartViewController.swift */; };
		CF783B3D83CA6601AEBFFE66 /* Pods_Access_NewsUITests.framework in Frameworks */ = {isa = PBXBuildFile; fileRef = 7F3C40D9DD2299E2C5C72541 /* Pods_Access_NewsUITests.framework */; };
		CF804301214875530080687B /* ResetPasswordViewController.swift in Sources */ = {isa = PBXBuildFile; fileRef = CF804300214875530080687B /* ResetPasswordViewController.swift */; };
		CF804303214C0C9E0080687B /* RecordBucket.swift in Sources */ = {isa = PBXBuildFile; fileRef = CF804302214C0C9E0080687B /* RecordBucket.swift */; };
		CF87D17F20C1BA4600AF1AE0 /* RecordViewController.swift in Sources */ = {isa = PBXBuildFile; fileRef = CF87D17E20C1BA4600AF1AE0 /* RecordViewController.swift */; };
		CF87D18120C1BE5600AF1AE0 /* ProfileTVC.swift in Sources */ = {isa = PBXBuildFile; fileRef = CF87D18020C1BE5600AF1AE0 /* ProfileTVC.swift */; };
		CF87D18320C1BE6800AF1AE0 /* SettingsTVC.swift in Sources */ = {isa = PBXBuildFile; fileRef = CF87D18220C1BE6800AF1AE0 /* SettingsTVC.swift */; };
		CF97C73A217E7761008DB127 /* ShareViewController.swift in Sources */ = {isa = PBXBuildFile; fileRef = CF97C739217E7761008DB127 /* ShareViewController.swift */; };
		CF9C587F213753EA00458D8C /* Commands.swift in Sources */ = {isa = PBXBuildFile; fileRef = CF9C587E213753EA00458D8C /* Commands.swift */; };
		CFAB34D521BEE16E0049655E /* GoogleService-Info.plist in Resources */ = {isa = PBXBuildFile; fileRef = CFAB34D421BEE16E0049655E /* GoogleService-Info.plist */; };
		CFB14205217A590F00F22CC1 /* MainInterface.storyboard in Resources */ = {isa = PBXBuildFile; fileRef = CFB14203217A590F00F22CC1 /* MainInterface.storyboard */; };
		CFB14209217A590F00F22CC1 /* Access-News-Uploader.appex in Embed App Extensions */ = {isa = PBXBuildFile; fileRef = CFB141FF217A590E00F22CC1 /* Access-News-Uploader.appex */; settings = {ATTRIBUTES = (RemoveHeadersOnCopy, ); }; };
		CFB9ACE521349862007DBEFE /* SelectPubicationTVC.swift in Sources */ = {isa = PBXBuildFile; fileRef = CFB9ACE421349862007DBEFE /* SelectPubicationTVC.swift */; };
		CFCC097C21ADFF030027BB13 /* LoginViewController.swift in Sources */ = {isa = PBXBuildFile; fileRef = CFF5BA2A20BF5B460033D180 /* LoginViewController.swift */; };
		CFCC097E21AE078C0027BB13 /* NVC.swift in Sources */ = {isa = PBXBuildFile; fileRef = CFCC097D21AE078C0027BB13 /* NVC.swift */; };
		CFCC097F21AE15A30027BB13 /* Main.storyboard in Resources */ = {isa = PBXBuildFile; fileRef = CFF5BA2C20BF5B460033D180 /* Main.storyboard */; };
		CFEDE2D82155B1FF002A4FA7 /* ListRecordingsTVC.swift in Sources */ = {isa = PBXBuildFile; fileRef = CFEDE2D72155B1FF002A4FA7 /* ListRecordingsTVC.swift */; };
		CFF5BA2920BF5B460033D180 /* AppDelegate.swift in Sources */ = {isa = PBXBuildFile; fileRef = CFF5BA2820BF5B460033D180 /* AppDelegate.swift */; };
		CFF5BA2B20BF5B460033D180 /* LoginViewController.swift in Sources */ = {isa = PBXBuildFile; fileRef = CFF5BA2A20BF5B460033D180 /* LoginViewController.swift */; };
		CFF5BA2E20BF5B460033D180 /* Main.storyboard in Resources */ = {isa = PBXBuildFile; fileRef = CFF5BA2C20BF5B460033D180 /* Main.storyboard */; };
		CFF5BA3020BF5B480033D180 /* Assets.xcassets in Resources */ = {isa = PBXBuildFile; fileRef = CFF5BA2F20BF5B480033D180 /* Assets.xcassets */; };
		CFF5BA3320BF5B480033D180 /* LaunchScreen.storyboard in Resources */ = {isa = PBXBuildFile; fileRef = CFF5BA3120BF5B480033D180 /* LaunchScreen.storyboard */; };
		CFF5BA3E20BF5B480033D180 /* Access_NewsTests.swift in Sources */ = {isa = PBXBuildFile; fileRef = CFF5BA3D20BF5B480033D180 /* Access_NewsTests.swift */; };
		CFF5BA4920BF5B480033D180 /* Access_NewsUITests.swift in Sources */ = {isa = PBXBuildFile; fileRef = CFF5BA4820BF5B480033D180 /* Access_NewsUITests.swift */; };
		CFF8735E21B0591500B2450D /* CommonDefaults.swift in Sources */ = {isa = PBXBuildFile; fileRef = CFF8735D21B0591500B2450D /* CommonDefaults.swift */; };
		CFF8735F21B0591500B2450D /* CommonDefaults.swift in Sources */ = {isa = PBXBuildFile; fileRef = CFF8735D21B0591500B2450D /* CommonDefaults.swift */; };
		CFF8736121B0AAD000B2450D /* Commands.swift in Sources */ = {isa = PBXBuildFile; fileRef = CF9C587E213753EA00458D8C /* Commands.swift */; };
		CFF8736221B0AADF00B2450D /* Aggregates.swift in Sources */ = {isa = PBXBuildFile; fileRef = CF3A496021419DBF007B6FC8 /* Aggregates.swift */; };
		DB14A9B30F10D3F58AF2AB75 /* Pods_Access_News_Uploader.framework in Frameworks */ = {isa = PBXBuildFile; fileRef = 8C9FE0C6636EE2FC42269011 /* Pods_Access_News_Uploader.framework */; };
/* End PBXBuildFile section */

/* Begin PBXContainerItemProxy section */
		CFB14207217A590F00F22CC1 /* PBXContainerItemProxy */ = {
			isa = PBXContainerItemProxy;
			containerPortal = CFF5BA1D20BF5B460033D180 /* Project object */;
			proxyType = 1;
			remoteGlobalIDString = CFB141FE217A590E00F22CC1;
			remoteInfo = "Access-News-Uploader";
		};
		CFF5BA3A20BF5B480033D180 /* PBXContainerItemProxy */ = {
			isa = PBXContainerItemProxy;
			containerPortal = CFF5BA1D20BF5B460033D180 /* Project object */;
			proxyType = 1;
			remoteGlobalIDString = CFF5BA2420BF5B460033D180;
			remoteInfo = "Access News";
		};
		CFF5BA4520BF5B480033D180 /* PBXContainerItemProxy */ = {
			isa = PBXContainerItemProxy;
			containerPortal = CFF5BA1D20BF5B460033D180 /* Project object */;
			proxyType = 1;
			remoteGlobalIDString = CFF5BA2420BF5B460033D180;
			remoteInfo = "Access News";
		};
/* End PBXContainerItemProxy section */

/* Begin PBXCopyFilesBuildPhase section */
		CFB1420D217A590F00F22CC1 /* Embed App Extensions */ = {
			isa = PBXCopyFilesBuildPhase;
			buildActionMask = 2147483647;
			dstPath = "";
			dstSubfolderSpec = 13;
			files = (
				CFB14209217A590F00F22CC1 /* Access-News-Uploader.appex in Embed App Extensions */,
			);
			name = "Embed App Extensions";
			runOnlyForDeploymentPostprocessing = 0;
		};
/* End PBXCopyFilesBuildPhase section */

/* Begin PBXFileReference section */
		0B129966D3C726BBD5992528 /* Pods-Access NewsUITests.debug.xcconfig */ = {isa = PBXFileReference; includeInIndex = 1; lastKnownFileType = text.xcconfig; name = "Pods-Access NewsUITests.debug.xcconfig"; path = "Pods/Target Support Files/Pods-Access NewsUITests/Pods-Access NewsUITests.debug.xcconfig"; sourceTree = "<group>"; };
		1AD751AE5E0235EC177C2D85 /* Pods-Access News.debug.xcconfig */ = {isa = PBXFileReference; includeInIndex = 1; lastKnownFileType = text.xcconfig; name = "Pods-Access News.debug.xcconfig"; path = "Pods/Target Support Files/Pods-Access News/Pods-Access News.debug.xcconfig"; sourceTree = "<group>"; };
		25C001BC31280401C9640469 /* Pods-Access News.release.xcconfig */ = {isa = PBXFileReference; includeInIndex = 1; lastKnownFileType = text.xcconfig; name = "Pods-Access News.release.xcconfig"; path = "Pods/Target Support Files/Pods-Access News/Pods-Access News.release.xcconfig"; sourceTree = "<group>"; };
		3C2D632F2122D8DBA24F0E08 /* Pods-Access-News-Uploader.release.xcconfig */ = {isa = PBXFileReference; includeInIndex = 1; lastKnownFileType = text.xcconfig; name = "Pods-Access-News-Uploader.release.xcconfig"; path = "Pods/Target Support Files/Pods-Access-News-Uploader/Pods-Access-News-Uploader.release.xcconfig"; sourceTree = "<group>"; };
		68DD76CE84E70C2711A2D136 /* Pods-Access NewsTests.release.xcconfig */ = {isa = PBXFileReference; includeInIndex = 1; lastKnownFileType = text.xcconfig; name = "Pods-Access NewsTests.release.xcconfig"; path = "Pods/Target Support Files/Pods-Access NewsTests/Pods-Access NewsTests.release.xcconfig"; sourceTree = "<group>"; };
		6AB22DEA878E9B18425E445D /* Pods-Access-News-Uploader.debug.xcconfig */ = {isa = PBXFileReference; includeInIndex = 1; lastKnownFileType = text.xcconfig; name = "Pods-Access-News-Uploader.debug.xcconfig"; path = "Pods/Target Support Files/Pods-Access-News-Uploader/Pods-Access-News-Uploader.debug.xcconfig"; sourceTree = "<group>"; };
		7F3C40D9DD2299E2C5C72541 /* Pods_Access_NewsUITests.framework */ = {isa = PBXFileReference; explicitFileType = wrapper.framework; includeInIndex = 0; path = Pods_Access_NewsUITests.framework; sourceTree = BUILT_PRODUCTS_DIR; };
		8C9FE0C6636EE2FC42269011 /* Pods_Access_News_Uploader.framework */ = {isa = PBXFileReference; explicitFileType = wrapper.framework; includeInIndex = 0; path = Pods_Access_News_Uploader.framework; sourceTree = BUILT_PRODUCTS_DIR; };
		8DF637CD1CE903146043D448 /* Pods_Access_NewsTests.framework */ = {isa = PBXFileReference; explicitFileType = wrapper.framework; includeInIndex = 0; path = Pods_Access_NewsTests.framework; sourceTree = BUILT_PRODUCTS_DIR; };
		CF05CA6921B9EC90000FA9FD /* GoogleService-Info.plist */ = {isa = PBXFileReference; fileEncoding = 4; lastKnownFileType = text.plist.xml; path = "GoogleService-Info.plist"; sourceTree = "<group>"; };
		CF342A9B20F9763400DD1BF7 /* SubmitTVC.swift */ = {isa = PBXFileReference; lastKnownFileType = sourcecode.swift; path = SubmitTVC.swift; sourceTree = "<group>"; };
		CF3A496021419DBF007B6FC8 /* Aggregates.swift */ = {isa = PBXFileReference; lastKnownFileType = sourcecode.swift; path = Aggregates.swift; sourceTree = "<group>"; };
		CF3FBEED21890D59007BA4EE /* DropDown.swift */ = {isa = PBXFileReference; lastKnownFileType = sourcecode.swift; path = DropDown.swift; sourceTree = "<group>"; };
		CF3FBEF021890F0A007BA4EE /* EmbeddedViewController.swift */ = {isa = PBXFileReference; lastKnownFileType = sourcecode.swift; path = EmbeddedViewController.swift; sourceTree = "<group>"; };
		CF468D1E219C937100E32E22 /* UploaderNavigationViewController.swift */ = {isa = PBXFileReference; lastKnownFileType = sourcecode.swift; path = UploaderNavigationViewController.swift; sourceTree = "<group>"; };
		CF63AB1820EBE2F10069E05B /* SessionStartViewController.swift */ = {isa = PBXFileReference; lastKnownFileType = sourcecode.swift; path = SessionStartViewController.swift; sourceTree = "<group>"; };
		CF73C1802190D07000F8C7ED /* Access-News-Uploader.entitlements */ = {isa = PBXFileReference; lastKnownFileType = text.plist.entitlements; path = "Access-News-Uploader.entitlements"; sourceTree = "<group>"; };
		CF8042FF214864200080687B /* Access News.entitlements */ = {isa = PBXFileReference; lastKnownFileType = text.plist.entitlements; path = "Access News.entitlements"; sourceTree = "<group>"; };
		CF804300214875530080687B /* ResetPasswordViewController.swift */ = {isa = PBXFileReference; lastKnownFileType = sourcecode.swift; path = ResetPasswordViewController.swift; sourceTree = "<group>"; };
		CF804302214C0C9E0080687B /* RecordBucket.swift */ = {isa = PBXFileReference; lastKnownFileType = sourcecode.swift; path = RecordBucket.swift; sourceTree = "<group>"; };
		CF87D17E20C1BA4600AF1AE0 /* RecordViewController.swift */ = {isa = PBXFileReference; lastKnownFileType = sourcecode.swift; path = RecordViewController.swift; sourceTree = "<group>"; };
		CF87D18020C1BE5600AF1AE0 /* ProfileTVC.swift */ = {isa = PBXFileReference; lastKnownFileType = sourcecode.swift; path = ProfileTVC.swift; sourceTree = "<group>"; };
		CF87D18220C1BE6800AF1AE0 /* SettingsTVC.swift */ = {isa = PBXFileReference; lastKnownFileType = sourcecode.swift; path = SettingsTVC.swift; sourceTree = "<group>"; };
		CF97C739217E7761008DB127 /* ShareViewController.swift */ = {isa = PBXFileReference; lastKnownFileType = sourcecode.swift; path = ShareViewController.swift; sourceTree = "<group>"; };
		CF9C587E213753EA00458D8C /* Commands.swift */ = {isa = PBXFileReference; lastKnownFileType = sourcecode.swift; path = Commands.swift; sourceTree = "<group>"; };
		CFAB34D421BEE16E0049655E /* GoogleService-Info.plist */ = {isa = PBXFileReference; fileEncoding = 4; lastKnownFileType = text.plist.xml; path = "GoogleService-Info.plist"; sourceTree = "<group>"; };
		CFB141FF217A590E00F22CC1 /* Access-News-Uploader.appex */ = {isa = PBXFileReference; explicitFileType = "wrapper.app-extension"; includeInIndex = 0; path = "Access-News-Uploader.appex"; sourceTree = BUILT_PRODUCTS_DIR; };
		CFB14204217A590F00F22CC1 /* Base */ = {isa = PBXFileReference; lastKnownFileType = file.storyboard; name = Base; path = Base.lproj/MainInterface.storyboard; sourceTree = "<group>"; };
		CFB14206217A590F00F22CC1 /* Info.plist */ = {isa = PBXFileReference; lastKnownFileType = text.plist.xml; path = Info.plist; sourceTree = "<group>"; };
		CFB9ACE421349862007DBEFE /* SelectPubicationTVC.swift */ = {isa = PBXFileReference; lastKnownFileType = sourcecode.swift; path = SelectPubicationTVC.swift; sourceTree = "<group>"; };
		CFCC097D21AE078C0027BB13 /* NVC.swift */ = {isa = PBXFileReference; lastKnownFileType = sourcecode.swift; path = NVC.swift; sourceTree = "<group>"; };
		CFEDE2D72155B1FF002A4FA7 /* ListRecordingsTVC.swift */ = {isa = PBXFileReference; lastKnownFileType = sourcecode.swift; path = ListRecordingsTVC.swift; sourceTree = "<group>"; };
		CFF5BA2520BF5B460033D180 /* Access News.app */ = {isa = PBXFileReference; explicitFileType = wrapper.application; includeInIndex = 0; path = "Access News.app"; sourceTree = BUILT_PRODUCTS_DIR; };
		CFF5BA2820BF5B460033D180 /* AppDelegate.swift */ = {isa = PBXFileReference; lastKnownFileType = sourcecode.swift; path = AppDelegate.swift; sourceTree = "<group>"; };
		CFF5BA2A20BF5B460033D180 /* LoginViewController.swift */ = {isa = PBXFileReference; lastKnownFileType = sourcecode.swift; path = LoginViewController.swift; sourceTree = "<group>"; };
		CFF5BA2D20BF5B460033D180 /* Base */ = {isa = PBXFileReference; lastKnownFileType = file.storyboard; name = Base; path = Base.lproj/Main.storyboard; sourceTree = "<group>"; };
		CFF5BA2F20BF5B480033D180 /* Assets.xcassets */ = {isa = PBXFileReference; lastKnownFileType = folder.assetcatalog; path = Assets.xcassets; sourceTree = "<group>"; };
		CFF5BA3220BF5B480033D180 /* Base */ = {isa = PBXFileReference; lastKnownFileType = file.storyboard; name = Base; path = Base.lproj/LaunchScreen.storyboard; sourceTree = "<group>"; };
		CFF5BA3420BF5B480033D180 /* Info.plist */ = {isa = PBXFileReference; lastKnownFileType = text.plist.xml; path = Info.plist; sourceTree = "<group>"; };
		CFF5BA3920BF5B480033D180 /* Access NewsTests.xctest */ = {isa = PBXFileReference; explicitFileType = wrapper.cfbundle; includeInIndex = 0; path = "Access NewsTests.xctest"; sourceTree = BUILT_PRODUCTS_DIR; };
		CFF5BA3D20BF5B480033D180 /* Access_NewsTests.swift */ = {isa = PBXFileReference; lastKnownFileType = sourcecode.swift; path = Access_NewsTests.swift; sourceTree = "<group>"; };
		CFF5BA3F20BF5B480033D180 /* Info.plist */ = {isa = PBXFileReference; lastKnownFileType = text.plist.xml; path = Info.plist; sourceTree = "<group>"; };
		CFF5BA4420BF5B480033D180 /* Access NewsUITests.xctest */ = {isa = PBXFileReference; explicitFileType = wrapper.cfbundle; includeInIndex = 0; path = "Access NewsUITests.xctest"; sourceTree = BUILT_PRODUCTS_DIR; };
		CFF5BA4820BF5B480033D180 /* Access_NewsUITests.swift */ = {isa = PBXFileReference; lastKnownFileType = sourcecode.swift; path = Access_NewsUITests.swift; sourceTree = "<group>"; };
		CFF5BA4A20BF5B480033D180 /* Info.plist */ = {isa = PBXFileReference; lastKnownFileType = text.plist.xml; path = Info.plist; sourceTree = "<group>"; };
		CFF8735D21B0591500B2450D /* CommonDefaults.swift */ = {isa = PBXFileReference; lastKnownFileType = sourcecode.swift; path = CommonDefaults.swift; sourceTree = "<group>"; };
		DBB127247622CE5CB935FC7C /* Pods-Access NewsUITests.release.xcconfig */ = {isa = PBXFileReference; includeInIndex = 1; lastKnownFileType = text.xcconfig; name = "Pods-Access NewsUITests.release.xcconfig"; path = "Pods/Target Support Files/Pods-Access NewsUITests/Pods-Access NewsUITests.release.xcconfig"; sourceTree = "<group>"; };
		E43501CB2AC3500706A6AC0E /* Pods-Access NewsTests.debug.xcconfig */ = {isa = PBXFileReference; includeInIndex = 1; lastKnownFileType = text.xcconfig; name = "Pods-Access NewsTests.debug.xcconfig"; path = "Pods/Target Support Files/Pods-Access NewsTests/Pods-Access NewsTests.debug.xcconfig"; sourceTree = "<group>"; };
		FF4C11A75A913667D48DDEBF /* Pods_Access_News.framework */ = {isa = PBXFileReference; explicitFileType = wrapper.framework; includeInIndex = 0; path = Pods_Access_News.framework; sourceTree = BUILT_PRODUCTS_DIR; };
/* End PBXFileReference section */

/* Begin PBXFrameworksBuildPhase section */
		CFB141FC217A590E00F22CC1 /* Frameworks */ = {
			isa = PBXFrameworksBuildPhase;
			buildActionMask = 2147483647;
			files = (
				DB14A9B30F10D3F58AF2AB75 /* Pods_Access_News_Uploader.framework in Frameworks */,
			);
			runOnlyForDeploymentPostprocessing = 0;
		};
		CFF5BA2220BF5B460033D180 /* Frameworks */ = {
			isa = PBXFrameworksBuildPhase;
			buildActionMask = 2147483647;
			files = (
				40B9C62F95F0F1C9BC19F3EA /* Pods_Access_News.framework in Frameworks */,
			);
			runOnlyForDeploymentPostprocessing = 0;
		};
		CFF5BA3620BF5B480033D180 /* Frameworks */ = {
			isa = PBXFrameworksBuildPhase;
			buildActionMask = 2147483647;
			files = (
				1A5D44F5873D6B4A668549FC /* Pods_Access_NewsTests.framework in Frameworks */,
			);
			runOnlyForDeploymentPostprocessing = 0;
		};
		CFF5BA4120BF5B480033D180 /* Frameworks */ = {
			isa = PBXFrameworksBuildPhase;
			buildActionMask = 2147483647;
			files = (
				CF783B3D83CA6601AEBFFE66 /* Pods_Access_NewsUITests.framework in Frameworks */,
			);
			runOnlyForDeploymentPostprocessing = 0;
		};
/* End PBXFrameworksBuildPhase section */

/* Begin PBXGroup section */
		86DA93679FD9FB921EFBA6B0 /* Frameworks */ = {
			isa = PBXGroup;
			children = (
				FF4C11A75A913667D48DDEBF /* Pods_Access_News.framework */,
				8DF637CD1CE903146043D448 /* Pods_Access_NewsTests.framework */,
				7F3C40D9DD2299E2C5C72541 /* Pods_Access_NewsUITests.framework */,
				8C9FE0C6636EE2FC42269011 /* Pods_Access_News_Uploader.framework */,
			);
			name = Frameworks;
			sourceTree = "<group>";
		};
		C2751AED1AF9DCBB8453450E /* Pods */ = {
			isa = PBXGroup;
			children = (
				1AD751AE5E0235EC177C2D85 /* Pods-Access News.debug.xcconfig */,
				25C001BC31280401C9640469 /* Pods-Access News.release.xcconfig */,
				E43501CB2AC3500706A6AC0E /* Pods-Access NewsTests.debug.xcconfig */,
				68DD76CE84E70C2711A2D136 /* Pods-Access NewsTests.release.xcconfig */,
				0B129966D3C726BBD5992528 /* Pods-Access NewsUITests.debug.xcconfig */,
				DBB127247622CE5CB935FC7C /* Pods-Access NewsUITests.release.xcconfig */,
				6AB22DEA878E9B18425E445D /* Pods-Access-News-Uploader.debug.xcconfig */,
				3C2D632F2122D8DBA24F0E08 /* Pods-Access-News-Uploader.release.xcconfig */,
			);
			name = Pods;
			sourceTree = "<group>";
		};
		CFB14200217A590F00F22CC1 /* Access-News-Uploader */ = {
			isa = PBXGroup;
			children = (
				CFAB34D421BEE16E0049655E /* GoogleService-Info.plist */,
				CF73C1802190D07000F8C7ED /* Access-News-Uploader.entitlements */,
				CFB14203217A590F00F22CC1 /* MainInterface.storyboard */,
				CFB14206217A590F00F22CC1 /* Info.plist */,
				CF97C739217E7761008DB127 /* ShareViewController.swift */,
				CF3FBEED21890D59007BA4EE /* DropDown.swift */,
				CF3FBEF021890F0A007BA4EE /* EmbeddedViewController.swift */,
				CF468D1E219C937100E32E22 /* UploaderNavigationViewController.swift */,
			);
			path = "Access-News-Uploader";
			sourceTree = "<group>";
		};
		CFF5BA1C20BF5B460033D180 = {
			isa = PBXGroup;
			children = (
				CFF5BA2720BF5B460033D180 /* Access News */,
				CFF5BA3C20BF5B480033D180 /* Access NewsTests */,
				CFF5BA4720BF5B480033D180 /* Access NewsUITests */,
				CFB14200217A590F00F22CC1 /* Access-News-Uploader */,
				CFF5BA2620BF5B460033D180 /* Products */,
				C2751AED1AF9DCBB8453450E /* Pods */,
				86DA93679FD9FB921EFBA6B0 /* Frameworks */,
			);
			sourceTree = "<group>";
		};
		CFF5BA2620BF5B460033D180 /* Products */ = {
			isa = PBXGroup;
			children = (
				CFF5BA2520BF5B460033D180 /* Access News.app */,
				CFF5BA3920BF5B480033D180 /* Access NewsTests.xctest */,
				CFF5BA4420BF5B480033D180 /* Access NewsUITests.xctest */,
				CFB141FF217A590E00F22CC1 /* Access-News-Uploader.appex */,
			);
			name = Products;
			sourceTree = "<group>";
		};
		CFF5BA2720BF5B460033D180 /* Access News */ = {
			isa = PBXGroup;
			children = (
				CF05CA6921B9EC90000FA9FD /* GoogleService-Info.plist */,
				CF804300214875530080687B /* ResetPasswordViewController.swift */,
				CF8042FF214864200080687B /* Access News.entitlements */,
				CFF5BA2820BF5B460033D180 /* AppDelegate.swift */,
				CF63AB1820EBE2F10069E05B /* SessionStartViewController.swift */,
				CFF5BA2A20BF5B460033D180 /* LoginViewController.swift */,
				CFF5BA2C20BF5B460033D180 /* Main.storyboard */,
				CFF5BA2F20BF5B480033D180 /* Assets.xcassets */,
				CFF5BA3120BF5B480033D180 /* LaunchScreen.storyboard */,
				CF342A9B20F9763400DD1BF7 /* SubmitTVC.swift */,
				CFF5BA3420BF5B480033D180 /* Info.plist */,
				CF87D17E20C1BA4600AF1AE0 /* RecordViewController.swift */,
				CF87D18020C1BE5600AF1AE0 /* ProfileTVC.swift */,
				CF87D18220C1BE6800AF1AE0 /* SettingsTVC.swift */,
				CFB9ACE421349862007DBEFE /* SelectPubicationTVC.swift */,
				CF9C587E213753EA00458D8C /* Commands.swift */,
				CF3A496021419DBF007B6FC8 /* Aggregates.swift */,
				CF804302214C0C9E0080687B /* RecordBucket.swift */,
				CFEDE2D72155B1FF002A4FA7 /* ListRecordingsTVC.swift */,
				CFCC097D21AE078C0027BB13 /* NVC.swift */,
				CFF8735D21B0591500B2450D /* CommonDefaults.swift */,
			);
			path = "Access News";
			sourceTree = "<group>";
		};
		CFF5BA3C20BF5B480033D180 /* Access NewsTests */ = {
			isa = PBXGroup;
			children = (
				CFF5BA3D20BF5B480033D180 /* Access_NewsTests.swift */,
				CFF5BA3F20BF5B480033D180 /* Info.plist */,
			);
			path = "Access NewsTests";
			sourceTree = "<group>";
		};
		CFF5BA4720BF5B480033D180 /* Access NewsUITests */ = {
			isa = PBXGroup;
			children = (
				CFF5BA4820BF5B480033D180 /* Access_NewsUITests.swift */,
				CFF5BA4A20BF5B480033D180 /* Info.plist */,
			);
			path = "Access NewsUITests";
			sourceTree = "<group>";
		};
/* End PBXGroup section */

/* Begin PBXNativeTarget section */
		CFB141FE217A590E00F22CC1 /* Access-News-Uploader */ = {
			isa = PBXNativeTarget;
			buildConfigurationList = CFB1420C217A590F00F22CC1 /* Build configuration list for PBXNativeTarget "Access-News-Uploader" */;
			buildPhases = (
				CA0AB1AE2534513FB5B07A2F /* [CP] Check Pods Manifest.lock */,
				CFB141FB217A590E00F22CC1 /* Sources */,
				CFB141FC217A590E00F22CC1 /* Frameworks */,
				CFB141FD217A590E00F22CC1 /* Resources */,
			);
			buildRules = (
			);
			dependencies = (
			);
			name = "Access-News-Uploader";
			productName = "Access-News-Uploader";
			productReference = CFB141FF217A590E00F22CC1 /* Access-News-Uploader.appex */;
			productType = "com.apple.product-type.app-extension";
		};
		CFF5BA2420BF5B460033D180 /* Access News */ = {
			isa = PBXNativeTarget;
			buildConfigurationList = CFF5BA4D20BF5B480033D180 /* Build configuration list for PBXNativeTarget "Access News" */;
			buildPhases = (
				E17BED5A57233DCF73D1F052 /* [CP] Check Pods Manifest.lock */,
				CFF5BA2120BF5B460033D180 /* Sources */,
				CFF5BA2220BF5B460033D180 /* Frameworks */,
				CFF5BA2320BF5B460033D180 /* Resources */,
				8C117F726F033B527A59BA1E /* [CP] Embed Pods Frameworks */,
				CFB1420D217A590F00F22CC1 /* Embed App Extensions */,
			);
			buildRules = (
			);
			dependencies = (
				CFB14208217A590F00F22CC1 /* PBXTargetDependency */,
			);
			name = "Access News";
			productName = "Access News";
			productReference = CFF5BA2520BF5B460033D180 /* Access News.app */;
			productType = "com.apple.product-type.application";
		};
		CFF5BA3820BF5B480033D180 /* Access NewsTests */ = {
			isa = PBXNativeTarget;
			buildConfigurationList = CFF5BA5020BF5B480033D180 /* Build configuration list for PBXNativeTarget "Access NewsTests" */;
			buildPhases = (
				FDCC69B905F5D8C4660E8C03 /* [CP] Check Pods Manifest.lock */,
				CFF5BA3520BF5B480033D180 /* Sources */,
				CFF5BA3620BF5B480033D180 /* Frameworks */,
				CFF5BA3720BF5B480033D180 /* Resources */,
			);
			buildRules = (
			);
			dependencies = (
				CFF5BA3B20BF5B480033D180 /* PBXTargetDependency */,
			);
			name = "Access NewsTests";
			productName = "Access NewsTests";
			productReference = CFF5BA3920BF5B480033D180 /* Access NewsTests.xctest */;
			productType = "com.apple.product-type.bundle.unit-test";
		};
		CFF5BA4320BF5B480033D180 /* Access NewsUITests */ = {
			isa = PBXNativeTarget;
			buildConfigurationList = CFF5BA5320BF5B480033D180 /* Build configuration list for PBXNativeTarget "Access NewsUITests" */;
			buildPhases = (
				0A3FC341686E2D1BC905E497 /* [CP] Check Pods Manifest.lock */,
				CFF5BA4020BF5B480033D180 /* Sources */,
				CFF5BA4120BF5B480033D180 /* Frameworks */,
				CFF5BA4220BF5B480033D180 /* Resources */,
			);
			buildRules = (
			);
			dependencies = (
				CFF5BA4620BF5B480033D180 /* PBXTargetDependency */,
			);
			name = "Access NewsUITests";
			productName = "Access NewsUITests";
			productReference = CFF5BA4420BF5B480033D180 /* Access NewsUITests.xctest */;
			productType = "com.apple.product-type.bundle.ui-testing";
		};
/* End PBXNativeTarget section */

/* Begin PBXProject section */
		CFF5BA1D20BF5B460033D180 /* Project object */ = {
			isa = PBXProject;
			attributes = {
				LastSwiftUpdateCheck = 0940;
				LastUpgradeCheck = 0940;
				ORGANIZATIONNAME = "Society for the Blind";
				TargetAttributes = {
					CFB141FE217A590E00F22CC1 = {
						CreatedOnToolsVersion = 9.4.1;
						SystemCapabilities = {
							com.apple.ApplicationGroups.iOS = {
								enabled = 1;
							};
							com.apple.Keychain = {
								enabled = 1;
							};
						};
					};
					CFF5BA2420BF5B460033D180 = {
						CreatedOnToolsVersion = 9.4;
						SystemCapabilities = {
							com.apple.ApplicationGroups.iOS = {
								enabled = 1;
							};
							com.apple.BackgroundModes = {
								enabled = 1;
							};
							com.apple.Keychain = {
								enabled = 1;
							};
							com.apple.Push = {
								enabled = 1;
							};
						};
					};
					CFF5BA3820BF5B480033D180 = {
						CreatedOnToolsVersion = 9.4;
						TestTargetID = CFF5BA2420BF5B460033D180;
					};
					CFF5BA4320BF5B480033D180 = {
						CreatedOnToolsVersion = 9.4;
						TestTargetID = CFF5BA2420BF5B460033D180;
					};
				};
			};
			buildConfigurationList = CFF5BA2020BF5B460033D180 /* Build configuration list for PBXProject "Access News" */;
			compatibilityVersion = "Xcode 9.3";
			developmentRegion = en;
			hasScannedForEncodings = 0;
			knownRegions = (
				en,
				Base,
			);
			mainGroup = CFF5BA1C20BF5B460033D180;
			productRefGroup = CFF5BA2620BF5B460033D180 /* Products */;
			projectDirPath = "";
			projectRoot = "";
			targets = (
				CFF5BA2420BF5B460033D180 /* Access News */,
				CFF5BA3820BF5B480033D180 /* Access NewsTests */,
				CFF5BA4320BF5B480033D180 /* Access NewsUITests */,
				CFB141FE217A590E00F22CC1 /* Access-News-Uploader */,
			);
		};
/* End PBXProject section */

/* Begin PBXResourcesBuildPhase section */
		CFB141FD217A590E00F22CC1 /* Resources */ = {
			isa = PBXResourcesBuildPhase;
			buildActionMask = 2147483647;
			files = (
				CFB14205217A590F00F22CC1 /* MainInterface.storyboard in Resources */,
				CFCC097F21AE15A30027BB13 /* Main.storyboard in Resources */,
				CFAB34D521BEE16E0049655E /* GoogleService-Info.plist in Resources */,
			);
			runOnlyForDeploymentPostprocessing = 0;
		};
		CFF5BA2320BF5B460033D180 /* Resources */ = {
			isa = PBXResourcesBuildPhase;
			buildActionMask = 2147483647;
			files = (
				CFF5BA3320BF5B480033D180 /* LaunchScreen.storyboard in Resources */,
				CF05CA6A21B9EC90000FA9FD /* GoogleService-Info.plist in Resources */,
				CFF5BA3020BF5B480033D180 /* Assets.xcassets in Resources */,
				CFF5BA2E20BF5B460033D180 /* Main.storyboard in Resources */,
			);
			runOnlyForDeploymentPostprocessing = 0;
		};
		CFF5BA3720BF5B480033D180 /* Resources */ = {
			isa = PBXResourcesBuildPhase;
			buildActionMask = 2147483647;
			files = (
			);
			runOnlyForDeploymentPostprocessing = 0;
		};
		CFF5BA4220BF5B480033D180 /* Resources */ = {
			isa = PBXResourcesBuildPhase;
			buildActionMask = 2147483647;
			files = (
			);
			runOnlyForDeploymentPostprocessing = 0;
		};
/* End PBXResourcesBuildPhase section */

/* Begin PBXShellScriptBuildPhase section */
		0A3FC341686E2D1BC905E497 /* [CP] Check Pods Manifest.lock */ = {
			isa = PBXShellScriptBuildPhase;
			buildActionMask = 2147483647;
			files = (
			);
			inputPaths = (
				"${PODS_PODFILE_DIR_PATH}/Podfile.lock",
				"${PODS_ROOT}/Manifest.lock",
			);
			name = "[CP] Check Pods Manifest.lock";
			outputPaths = (
				"$(DERIVED_FILE_DIR)/Pods-Access NewsUITests-checkManifestLockResult.txt",
			);
			runOnlyForDeploymentPostprocessing = 0;
			shellPath = /bin/sh;
			shellScript = "diff \"${PODS_PODFILE_DIR_PATH}/Podfile.lock\" \"${PODS_ROOT}/Manifest.lock\" > /dev/null\nif [ $? != 0 ] ; then\n    # print error to STDERR\n    echo \"error: The sandbox is not in sync with the Podfile.lock. Run 'pod install' or update your CocoaPods installation.\" >&2\n    exit 1\nfi\n# This output is used by Xcode 'outputs' to avoid re-running this script phase.\necho \"SUCCESS\" > \"${SCRIPT_OUTPUT_FILE_0}\"\n";
			showEnvVarsInLog = 0;
		};
		8C117F726F033B527A59BA1E /* [CP] Embed Pods Frameworks */ = {
			isa = PBXShellScriptBuildPhase;
			buildActionMask = 2147483647;
			files = (
			);
			inputPaths = (
				"${SRCROOT}/Pods/Target Support Files/Pods-Access News/Pods-Access News-frameworks.sh",
				"${BUILT_PRODUCTS_DIR}/GTMSessionFetcher/GTMSessionFetcher.framework",
				"${BUILT_PRODUCTS_DIR}/GoogleUtilities/GoogleUtilities.framework",
				"${BUILT_PRODUCTS_DIR}/leveldb-library/leveldb.framework",
				"${BUILT_PRODUCTS_DIR}/nanopb/nanopb.framework",
			);
			name = "[CP] Embed Pods Frameworks";
			outputPaths = (
				"${TARGET_BUILD_DIR}/${FRAMEWORKS_FOLDER_PATH}/GTMSessionFetcher.framework",
				"${TARGET_BUILD_DIR}/${FRAMEWORKS_FOLDER_PATH}/GoogleUtilities.framework",
				"${TARGET_BUILD_DIR}/${FRAMEWORKS_FOLDER_PATH}/leveldb.framework",
				"${TARGET_BUILD_DIR}/${FRAMEWORKS_FOLDER_PATH}/nanopb.framework",
			);
			runOnlyForDeploymentPostprocessing = 0;
			shellPath = /bin/sh;
			shellScript = "\"${SRCROOT}/Pods/Target Support Files/Pods-Access News/Pods-Access News-frameworks.sh\"\n";
			showEnvVarsInLog = 0;
		};
		CA0AB1AE2534513FB5B07A2F /* [CP] Check Pods Manifest.lock */ = {
			isa = PBXShellScriptBuildPhase;
			buildActionMask = 2147483647;
			files = (
			);
			inputPaths = (
				"${PODS_PODFILE_DIR_PATH}/Podfile.lock",
				"${PODS_ROOT}/Manifest.lock",
			);
			name = "[CP] Check Pods Manifest.lock";
			outputPaths = (
				"$(DERIVED_FILE_DIR)/Pods-Access-News-Uploader-checkManifestLockResult.txt",
			);
			runOnlyForDeploymentPostprocessing = 0;
			shellPath = /bin/sh;
			shellScript = "diff \"${PODS_PODFILE_DIR_PATH}/Podfile.lock\" \"${PODS_ROOT}/Manifest.lock\" > /dev/null\nif [ $? != 0 ] ; then\n    # print error to STDERR\n    echo \"error: The sandbox is not in sync with the Podfile.lock. Run 'pod install' or update your CocoaPods installation.\" >&2\n    exit 1\nfi\n# This output is used by Xcode 'outputs' to avoid re-running this script phase.\necho \"SUCCESS\" > \"${SCRIPT_OUTPUT_FILE_0}\"\n";
			showEnvVarsInLog = 0;
		};
		E17BED5A57233DCF73D1F052 /* [CP] Check Pods Manifest.lock */ = {
			isa = PBXShellScriptBuildPhase;
			buildActionMask = 2147483647;
			files = (
			);
			inputPaths = (
				"${PODS_PODFILE_DIR_PATH}/Podfile.lock",
				"${PODS_ROOT}/Manifest.lock",
			);
			name = "[CP] Check Pods Manifest.lock";
			outputPaths = (
				"$(DERIVED_FILE_DIR)/Pods-Access News-checkManifestLockResult.txt",
			);
			runOnlyForDeploymentPostprocessing = 0;
			shellPath = /bin/sh;
			shellScript = "diff \"${PODS_PODFILE_DIR_PATH}/Podfile.lock\" \"${PODS_ROOT}/Manifest.lock\" > /dev/null\nif [ $? != 0 ] ; then\n    # print error to STDERR\n    echo \"error: The sandbox is not in sync with the Podfile.lock. Run 'pod install' or update your CocoaPods installation.\" >&2\n    exit 1\nfi\n# This output is used by Xcode 'outputs' to avoid re-running this script phase.\necho \"SUCCESS\" > \"${SCRIPT_OUTPUT_FILE_0}\"\n";
			showEnvVarsInLog = 0;
		};
		FDCC69B905F5D8C4660E8C03 /* [CP] Check Pods Manifest.lock */ = {
			isa = PBXShellScriptBuildPhase;
			buildActionMask = 2147483647;
			files = (
			);
			inputPaths = (
				"${PODS_PODFILE_DIR_PATH}/Podfile.lock",
				"${PODS_ROOT}/Manifest.lock",
			);
			name = "[CP] Check Pods Manifest.lock";
			outputPaths = (
				"$(DERIVED_FILE_DIR)/Pods-Access NewsTests-checkManifestLockResult.txt",
			);
			runOnlyForDeploymentPostprocessing = 0;
			shellPath = /bin/sh;
			shellScript = "diff \"${PODS_PODFILE_DIR_PATH}/Podfile.lock\" \"${PODS_ROOT}/Manifest.lock\" > /dev/null\nif [ $? != 0 ] ; then\n    # print error to STDERR\n    echo \"error: The sandbox is not in sync with the Podfile.lock. Run 'pod install' or update your CocoaPods installation.\" >&2\n    exit 1\nfi\n# This output is used by Xcode 'outputs' to avoid re-running this script phase.\necho \"SUCCESS\" > \"${SCRIPT_OUTPUT_FILE_0}\"\n";
			showEnvVarsInLog = 0;
		};
/* End PBXShellScriptBuildPhase section */

/* Begin PBXSourcesBuildPhase section */
		CFB141FB217A590E00F22CC1 /* Sources */ = {
			isa = PBXSourcesBuildPhase;
			buildActionMask = 2147483647;
			files = (
				CFF8735F21B0591500B2450D /* CommonDefaults.swift in Sources */,
				CF468D1F219C937100E32E22 /* UploaderNavigationViewController.swift in Sources */,
				CFF8736121B0AAD000B2450D /* Commands.swift in Sources */,
				CF3FBEEF21890D59007BA4EE /* DropDown.swift in Sources */,
				CF97C73A217E7761008DB127 /* ShareViewController.swift in Sources */,
				CFF8736221B0AADF00B2450D /* Aggregates.swift in Sources */,
				CFCC097C21ADFF030027BB13 /* LoginViewController.swift in Sources */,
				CF3FBEF221890F0A007BA4EE /* EmbeddedViewController.swift in Sources */,
			);
			runOnlyForDeploymentPostprocessing = 0;
		};
		CFF5BA2120BF5B460033D180 /* Sources */ = {
			isa = PBXSourcesBuildPhase;
			buildActionMask = 2147483647;
			files = (
				CFEDE2D82155B1FF002A4FA7 /* ListRecordingsTVC.swift in Sources */,
				CF63AB1920EBE2F10069E05B /* SessionStartViewController.swift in Sources */,
				CF3FBEF121890F0A007BA4EE /* EmbeddedViewController.swift in Sources */,
				CF9C587F213753EA00458D8C /* Commands.swift in Sources */,
				CF804303214C0C9E0080687B /* RecordBucket.swift in Sources */,
				CF87D17F20C1BA4600AF1AE0 /* RecordViewController.swift in Sources */,
				CF804301214875530080687B /* ResetPasswordViewController.swift in Sources */,
				CF87D18120C1BE5600AF1AE0 /* ProfileTVC.swift in Sources */,
				CF342A9C20F9763400DD1BF7 /* SubmitTVC.swift in Sources */,
				CFF5BA2B20BF5B460033D180 /* LoginViewController.swift in Sources */,
				CF87D18320C1BE6800AF1AE0 /* SettingsTVC.swift in Sources */,
				CFCC097E21AE078C0027BB13 /* NVC.swift in Sources */,
				CFF8735E21B0591500B2450D /* CommonDefaults.swift in Sources */,
				CFF5BA2920BF5B460033D180 /* AppDelegate.swift in Sources */,
				CFB9ACE521349862007DBEFE /* SelectPubicationTVC.swift in Sources */,
				CF3FBEEE21890D59007BA4EE /* DropDown.swift in Sources */,
				CF3A496121419DBF007B6FC8 /* Aggregates.swift in Sources */,
			);
			runOnlyForDeploymentPostprocessing = 0;
		};
		CFF5BA3520BF5B480033D180 /* Sources */ = {
			isa = PBXSourcesBuildPhase;
			buildActionMask = 2147483647;
			files = (
				CFF5BA3E20BF5B480033D180 /* Access_NewsTests.swift in Sources */,
			);
			runOnlyForDeploymentPostprocessing = 0;
		};
		CFF5BA4020BF5B480033D180 /* Sources */ = {
			isa = PBXSourcesBuildPhase;
			buildActionMask = 2147483647;
			files = (
				CFF5BA4920BF5B480033D180 /* Access_NewsUITests.swift in Sources */,
			);
			runOnlyForDeploymentPostprocessing = 0;
		};
/* End PBXSourcesBuildPhase section */

/* Begin PBXTargetDependency section */
		CFB14208217A590F00F22CC1 /* PBXTargetDependency */ = {
			isa = PBXTargetDependency;
			target = CFB141FE217A590E00F22CC1 /* Access-News-Uploader */;
			targetProxy = CFB14207217A590F00F22CC1 /* PBXContainerItemProxy */;
		};
		CFF5BA3B20BF5B480033D180 /* PBXTargetDependency */ = {
			isa = PBXTargetDependency;
			target = CFF5BA2420BF5B460033D180 /* Access News */;
			targetProxy = CFF5BA3A20BF5B480033D180 /* PBXContainerItemProxy */;
		};
		CFF5BA4620BF5B480033D180 /* PBXTargetDependency */ = {
			isa = PBXTargetDependency;
			target = CFF5BA2420BF5B460033D180 /* Access News */;
			targetProxy = CFF5BA4520BF5B480033D180 /* PBXContainerItemProxy */;
		};
/* End PBXTargetDependency section */

/* Begin PBXVariantGroup section */
		CFB14203217A590F00F22CC1 /* MainInterface.storyboard */ = {
			isa = PBXVariantGroup;
			children = (
				CFB14204217A590F00F22CC1 /* Base */,
			);
			name = MainInterface.storyboard;
			sourceTree = "<group>";
		};
		CFF5BA2C20BF5B460033D180 /* Main.storyboard */ = {
			isa = PBXVariantGroup;
			children = (
				CFF5BA2D20BF5B460033D180 /* Base */,
			);
			name = Main.storyboard;
			sourceTree = "<group>";
		};
		CFF5BA3120BF5B480033D180 /* LaunchScreen.storyboard */ = {
			isa = PBXVariantGroup;
			children = (
				CFF5BA3220BF5B480033D180 /* Base */,
			);
			name = LaunchScreen.storyboard;
			sourceTree = "<group>";
		};
/* End PBXVariantGroup section */

/* Begin XCBuildConfiguration section */
		CFB1420A217A590F00F22CC1 /* Debug */ = {
			isa = XCBuildConfiguration;
			baseConfigurationReference = 6AB22DEA878E9B18425E445D /* Pods-Access-News-Uploader.debug.xcconfig */;
			buildSettings = {
				CODE_SIGN_ENTITLEMENTS = "Access-News-Uploader/Access-News-Uploader.entitlements";
				CODE_SIGN_STYLE = Automatic;
				DEVELOPMENT_TEAM = K6BD7WSV5V;
				INFOPLIST_FILE = "Access-News-Uploader/Info.plist";
				IPHONEOS_DEPLOYMENT_TARGET = 10.0;
				LD_RUNPATH_SEARCH_PATHS = (
					"$(inherited)",
					"@executable_path/Frameworks",
					"@executable_path/../../Frameworks",
				);
				PRODUCT_BUNDLE_IDENTIFIER = "org.societyfortheblind.Access-News-Reader.Access-News-Uploader";
				PRODUCT_NAME = "$(TARGET_NAME)";
				SKIP_INSTALL = YES;
				SWIFT_VERSION = 4.0;
				TARGETED_DEVICE_FAMILY = "1,2";
			};
			name = Debug;
		};
		CFB1420B217A590F00F22CC1 /* Release */ = {
			isa = XCBuildConfiguration;
			baseConfigurationReference = 3C2D632F2122D8DBA24F0E08 /* Pods-Access-News-Uploader.release.xcconfig */;
			buildSettings = {
				CODE_SIGN_ENTITLEMENTS = "Access-News-Uploader/Access-News-Uploader.entitlements";
				CODE_SIGN_STYLE = Automatic;
				DEVELOPMENT_TEAM = K6BD7WSV5V;
				INFOPLIST_FILE = "Access-News-Uploader/Info.plist";
				IPHONEOS_DEPLOYMENT_TARGET = 10.0;
				LD_RUNPATH_SEARCH_PATHS = (
					"$(inherited)",
					"@executable_path/Frameworks",
					"@executable_path/../../Frameworks",
				);
				PRODUCT_BUNDLE_IDENTIFIER = "org.societyfortheblind.Access-News-Reader.Access-News-Uploader";
				PRODUCT_NAME = "$(TARGET_NAME)";
				SKIP_INSTALL = YES;
				SWIFT_VERSION = 4.0;
				TARGETED_DEVICE_FAMILY = "1,2";
			};
			name = Release;
		};
		CFF5BA4B20BF5B480033D180 /* Debug */ = {
			isa = XCBuildConfiguration;
			buildSettings = {
				ALWAYS_SEARCH_USER_PATHS = NO;
				CLANG_ANALYZER_NONNULL = YES;
				CLANG_ANALYZER_NUMBER_OBJECT_CONVERSION = YES_AGGRESSIVE;
				CLANG_CXX_LANGUAGE_STANDARD = "gnu++14";
				CLANG_CXX_LIBRARY = "libc++";
				CLANG_ENABLE_MODULES = YES;
				CLANG_ENABLE_OBJC_ARC = YES;
				CLANG_ENABLE_OBJC_WEAK = YES;
				CLANG_WARN_BLOCK_CAPTURE_AUTORELEASING = YES;
				CLANG_WARN_BOOL_CONVERSION = YES;
				CLANG_WARN_COMMA = YES;
				CLANG_WARN_CONSTANT_CONVERSION = YES;
				CLANG_WARN_DEPRECATED_OBJC_IMPLEMENTATIONS = YES;
				CLANG_WARN_DIRECT_OBJC_ISA_USAGE = YES_ERROR;
				CLANG_WARN_DOCUMENTATION_COMMENTS = YES;
				CLANG_WARN_EMPTY_BODY = YES;
				CLANG_WARN_ENUM_CONVERSION = YES;
				CLANG_WARN_INFINITE_RECURSION = YES;
				CLANG_WARN_INT_CONVERSION = YES;
				CLANG_WARN_NON_LITERAL_NULL_CONVERSION = YES;
				CLANG_WARN_OBJC_IMPLICIT_RETAIN_SELF = YES;
				CLANG_WARN_OBJC_LITERAL_CONVERSION = YES;
				CLANG_WARN_OBJC_ROOT_CLASS = YES_ERROR;
				CLANG_WARN_RANGE_LOOP_ANALYSIS = YES;
				CLANG_WARN_STRICT_PROTOTYPES = YES;
				CLANG_WARN_SUSPICIOUS_MOVE = YES;
				CLANG_WARN_UNGUARDED_AVAILABILITY = YES_AGGRESSIVE;
				CLANG_WARN_UNREACHABLE_CODE = YES;
				CLANG_WARN__DUPLICATE_METHOD_MATCH = YES;
				CODE_SIGN_IDENTITY = "iPhone Developer";
				COPY_PHASE_STRIP = NO;
				DEBUG_INFORMATION_FORMAT = dwarf;
				ENABLE_STRICT_OBJC_MSGSEND = YES;
				ENABLE_TESTABILITY = YES;
				GCC_C_LANGUAGE_STANDARD = gnu11;
				GCC_DYNAMIC_NO_PIC = NO;
				GCC_NO_COMMON_BLOCKS = YES;
				GCC_OPTIMIZATION_LEVEL = 0;
				GCC_PREPROCESSOR_DEFINITIONS = (
					"DEBUG=1",
					"$(inherited)",
				);
				GCC_WARN_64_TO_32_BIT_CONVERSION = YES;
				GCC_WARN_ABOUT_RETURN_TYPE = YES_ERROR;
				GCC_WARN_UNDECLARED_SELECTOR = YES;
				GCC_WARN_UNINITIALIZED_AUTOS = YES_AGGRESSIVE;
				GCC_WARN_UNUSED_FUNCTION = YES;
				GCC_WARN_UNUSED_VARIABLE = YES;
				IPHONEOS_DEPLOYMENT_TARGET = 11.4;
				MTL_ENABLE_DEBUG_INFO = YES;
				ONLY_ACTIVE_ARCH = YES;
				SDKROOT = iphoneos;
				SWIFT_ACTIVE_COMPILATION_CONDITIONS = DEBUG;
				SWIFT_OPTIMIZATION_LEVEL = "-Onone";
			};
			name = Debug;
		};
		CFF5BA4C20BF5B480033D180 /* Release */ = {
			isa = XCBuildConfiguration;
			buildSettings = {
				ALWAYS_SEARCH_USER_PATHS = NO;
				CLANG_ANALYZER_NONNULL = YES;
				CLANG_ANALYZER_NUMBER_OBJECT_CONVERSION = YES_AGGRESSIVE;
				CLANG_CXX_LANGUAGE_STANDARD = "gnu++14";
				CLANG_CXX_LIBRARY = "libc++";
				CLANG_ENABLE_MODULES = YES;
				CLANG_ENABLE_OBJC_ARC = YES;
				CLANG_ENABLE_OBJC_WEAK = YES;
				CLANG_WARN_BLOCK_CAPTURE_AUTORELEASING = YES;
				CLANG_WARN_BOOL_CONVERSION = YES;
				CLANG_WARN_COMMA = YES;
				CLANG_WARN_CONSTANT_CONVERSION = YES;
				CLANG_WARN_DEPRECATED_OBJC_IMPLEMENTATIONS = YES;
				CLANG_WARN_DIRECT_OBJC_ISA_USAGE = YES_ERROR;
				CLANG_WARN_DOCUMENTATION_COMMENTS = YES;
				CLANG_WARN_EMPTY_BODY = YES;
				CLANG_WARN_ENUM_CONVERSION = YES;
				CLANG_WARN_INFINITE_RECURSION = YES;
				CLANG_WARN_INT_CONVERSION = YES;
				CLANG_WARN_NON_LITERAL_NULL_CONVERSION = YES;
				CLANG_WARN_OBJC_IMPLICIT_RETAIN_SELF = YES;
				CLANG_WARN_OBJC_LITERAL_CONVERSION = YES;
				CLANG_WARN_OBJC_ROOT_CLASS = YES_ERROR;
				CLANG_WARN_RANGE_LOOP_ANALYSIS = YES;
				CLANG_WARN_STRICT_PROTOTYPES = YES;
				CLANG_WARN_SUSPICIOUS_MOVE = YES;
				CLANG_WARN_UNGUARDED_AVAILABILITY = YES_AGGRESSIVE;
				CLANG_WARN_UNREACHABLE_CODE = YES;
				CLANG_WARN__DUPLICATE_METHOD_MATCH = YES;
				CODE_SIGN_IDENTITY = "iPhone Developer";
				COPY_PHASE_STRIP = NO;
				DEBUG_INFORMATION_FORMAT = "dwarf-with-dsym";
				ENABLE_NS_ASSERTIONS = NO;
				ENABLE_STRICT_OBJC_MSGSEND = YES;
				GCC_C_LANGUAGE_STANDARD = gnu11;
				GCC_NO_COMMON_BLOCKS = YES;
				GCC_WARN_64_TO_32_BIT_CONVERSION = YES;
				GCC_WARN_ABOUT_RETURN_TYPE = YES_ERROR;
				GCC_WARN_UNDECLARED_SELECTOR = YES;
				GCC_WARN_UNINITIALIZED_AUTOS = YES_AGGRESSIVE;
				GCC_WARN_UNUSED_FUNCTION = YES;
				GCC_WARN_UNUSED_VARIABLE = YES;
				IPHONEOS_DEPLOYMENT_TARGET = 11.4;
				MTL_ENABLE_DEBUG_INFO = NO;
				SDKROOT = iphoneos;
				SWIFT_COMPILATION_MODE = wholemodule;
				SWIFT_OPTIMIZATION_LEVEL = "-O";
				VALIDATE_PRODUCT = YES;
			};
			name = Release;
		};
		CFF5BA4E20BF5B480033D180 /* Debug */ = {
			isa = XCBuildConfiguration;
			baseConfigurationReference = 1AD751AE5E0235EC177C2D85 /* Pods-Access News.debug.xcconfig */;
			buildSettings = {
				ALWAYS_EMBED_SWIFT_STANDARD_LIBRARIES = YES;
				ASSETCATALOG_COMPILER_APPICON_NAME = AppIcon;
				CODE_SIGN_ENTITLEMENTS = "Access News/Access News.entitlements";
				CODE_SIGN_STYLE = Automatic;
				DEVELOPMENT_TEAM = K6BD7WSV5V;
				INFOPLIST_FILE = "Access News/Info.plist";
				IPHONEOS_DEPLOYMENT_TARGET = 10.0;
				LD_RUNPATH_SEARCH_PATHS = (
					"$(inherited)",
					"@executable_path/Frameworks",
				);
				PRODUCT_BUNDLE_IDENTIFIER = "org.societyfortheblind.Access-News-Reader";
				PRODUCT_NAME = "$(TARGET_NAME)";
				SWIFT_VERSION = 4.0;
				TARGETED_DEVICE_FAMILY = "1,2";
			};
			name = Debug;
		};
		CFF5BA4F20BF5B480033D180 /* Release */ = {
			isa = XCBuildConfiguration;
			baseConfigurationReference = 25C001BC31280401C9640469 /* Pods-Access News.release.xcconfig */;
			buildSettings = {
				ALWAYS_EMBED_SWIFT_STANDARD_LIBRARIES = YES;
				ASSETCATALOG_COMPILER_APPICON_NAME = AppIcon;
				CODE_SIGN_ENTITLEMENTS = "Access News/Access News.entitlements";
				CODE_SIGN_STYLE = Automatic;
				DEVELOPMENT_TEAM = K6BD7WSV5V;
				INFOPLIST_FILE = "Access News/Info.plist";
				IPHONEOS_DEPLOYMENT_TARGET = 10.0;
				LD_RUNPATH_SEARCH_PATHS = (
					"$(inherited)",
					"@executable_path/Frameworks",
				);
				PRODUCT_BUNDLE_IDENTIFIER = "org.societyfortheblind.Access-News-Reader";
				PRODUCT_NAME = "$(TARGET_NAME)";
				SWIFT_VERSION = 4.0;
				TARGETED_DEVICE_FAMILY = "1,2";
			};
			name = Release;
		};
		CFF5BA5120BF5B480033D180 /* Debug */ = {
			isa = XCBuildConfiguration;
			baseConfigurationReference = E43501CB2AC3500706A6AC0E /* Pods-Access NewsTests.debug.xcconfig */;
			buildSettings = {
				ALWAYS_EMBED_SWIFT_STANDARD_LIBRARIES = YES;
				BUNDLE_LOADER = "$(TEST_HOST)";
				CODE_SIGN_STYLE = Automatic;
				DEVELOPMENT_TEAM = K6BD7WSV5V;
				INFOPLIST_FILE = "Access NewsTests/Info.plist";
				LD_RUNPATH_SEARCH_PATHS = (
					"$(inherited)",
					"@executable_path/Frameworks",
					"@loader_path/Frameworks",
				);
				PRODUCT_BUNDLE_IDENTIFIER = "org.societyfortheblind.Access-NewsTests";
				PRODUCT_NAME = "$(TARGET_NAME)";
				SWIFT_VERSION = 4.0;
				TARGETED_DEVICE_FAMILY = "1,2";
				TEST_HOST = "$(BUILT_PRODUCTS_DIR)/Access News.app/Access News";
			};
			name = Debug;
		};
		CFF5BA5220BF5B480033D180 /* Release */ = {
			isa = XCBuildConfiguration;
			baseConfigurationReference = 68DD76CE84E70C2711A2D136 /* Pods-Access NewsTests.release.xcconfig */;
			buildSettings = {
				ALWAYS_EMBED_SWIFT_STANDARD_LIBRARIES = YES;
				BUNDLE_LOADER = "$(TEST_HOST)";
				CODE_SIGN_STYLE = Automatic;
				DEVELOPMENT_TEAM = K6BD7WSV5V;
				INFOPLIST_FILE = "Access NewsTests/Info.plist";
				LD_RUNPATH_SEARCH_PATHS = (
					"$(inherited)",
					"@executable_path/Frameworks",
					"@loader_path/Frameworks",
				);
				PRODUCT_BUNDLE_IDENTIFIER = "org.societyfortheblind.Access-NewsTests";
				PRODUCT_NAME = "$(TARGET_NAME)";
				SWIFT_VERSION = 4.0;
				TARGETED_DEVICE_FAMILY = "1,2";
				TEST_HOST = "$(BUILT_PRODUCTS_DIR)/Access News.app/Access News";
			};
			name = Release;
		};
		CFF5BA5420BF5B480033D180 /* Debug */ = {
			isa = XCBuildConfiguration;
			baseConfigurationReference = 0B129966D3C726BBD5992528 /* Pods-Access NewsUITests.debug.xcconfig */;
			buildSettings = {
				ALWAYS_EMBED_SWIFT_STANDARD_LIBRARIES = YES;
				CODE_SIGN_STYLE = Automatic;
				DEVELOPMENT_TEAM = K6BD7WSV5V;
				INFOPLIST_FILE = "Access NewsUITests/Info.plist";
				LD_RUNPATH_SEARCH_PATHS = (
					"$(inherited)",
					"@executable_path/Frameworks",
					"@loader_path/Frameworks",
				);
				PRODUCT_BUNDLE_IDENTIFIER = "org.societyfortheblind.Access-NewsUITests";
				PRODUCT_NAME = "$(TARGET_NAME)";
				SWIFT_VERSION = 4.0;
				TARGETED_DEVICE_FAMILY = "1,2";
				TEST_TARGET_NAME = "Access News";
			};
			name = Debug;
		};
		CFF5BA5520BF5B480033D180 /* Release */ = {
			isa = XCBuildConfiguration;
			baseConfigurationReference = DBB127247622CE5CB935FC7C /* Pods-Access NewsUITests.release.xcconfig */;
			buildSettings = {
				ALWAYS_EMBED_SWIFT_STANDARD_LIBRARIES = YES;
				CODE_SIGN_STYLE = Automatic;
				DEVELOPMENT_TEAM = K6BD7WSV5V;
				INFOPLIST_FILE = "Access NewsUITests/Info.plist";
				LD_RUNPATH_SEARCH_PATHS = (
					"$(inherited)",
					"@executable_path/Frameworks",
					"@loader_path/Frameworks",
				);
				PRODUCT_BUNDLE_IDENTIFIER = "org.societyfortheblind.Access-NewsUITests";
				PRODUCT_NAME = "$(TARGET_NAME)";
				SWIFT_VERSION = 4.0;
				TARGETED_DEVICE_FAMILY = "1,2";
				TEST_TARGET_NAME = "Access News";
			};
			name = Release;
		};
/* End XCBuildConfiguration section */

/* Begin XCConfigurationList section */
		CFB1420C217A590F00F22CC1 /* Build configuration list for PBXNativeTarget "Access-News-Uploader" */ = {
			isa = XCConfigurationList;
			buildConfigurations = (
				CFB1420A217A590F00F22CC1 /* Debug */,
				CFB1420B217A590F00F22CC1 /* Release */,
			);
			defaultConfigurationIsVisible = 0;
			defaultConfigurationName = Release;
		};
		CFF5BA2020BF5B460033D180 /* Build configuration list for PBXProject "Access News" */ = {
			isa = XCConfigurationList;
			buildConfigurations = (
				CFF5BA4B20BF5B480033D180 /* Debug */,
				CFF5BA4C20BF5B480033D180 /* Release */,
			);
			defaultConfigurationIsVisible = 0;
			defaultConfigurationName = Release;
		};
		CFF5BA4D20BF5B480033D180 /* Build configuration list for PBXNativeTarget "Access News" */ = {
			isa = XCConfigurationList;
			buildConfigurations = (
				CFF5BA4E20BF5B480033D180 /* Debug */,
				CFF5BA4F20BF5B480033D180 /* Release */,
			);
			defaultConfigurationIsVisible = 0;
			defaultConfigurationName = Release;
		};
		CFF5BA5020BF5B480033D180 /* Build configuration list for PBXNativeTarget "Access NewsTests" */ = {
			isa = XCConfigurationList;
			buildConfigurations = (
				CFF5BA5120BF5B480033D180 /* Debug */,
				CFF5BA5220BF5B480033D180 /* Release */,
			);
			defaultConfigurationIsVisible = 0;
			defaultConfigurationName = Release;
		};
		CFF5BA5320BF5B480033D180 /* Build configuration list for PBXNativeTarget "Access NewsUITests" */ = {
			isa = XCConfigurationList;
			buildConfigurations = (
				CFF5BA5420BF5B480033D180 /* Debug */,
				CFF5BA5520BF5B480033D180 /* Release */,
			);
			defaultConfigurationIsVisible = 0;
			defaultConfigurationName = Release;
		};
/* End XCConfigurationList section */
	};
	rootObject = CFF5BA1D20BF5B460033D180 /* Project object */;
}
